// !$*UTF8*$!
{
	archiveVersion = 1;
	classes = {
	};
	objectVersion = 77;
	objects = {

/* Begin PBXContainerItemProxy section */
		347BE8812DDF288800067319 /* PBXContainerItemProxy */ = {
			isa = PBXContainerItemProxy;
			containerPortal = 347BE8622DDF288700067319 /* Project object */;
			proxyType = 1;
			remoteGlobalIDString = 347BE8692DDF288700067319;
			remoteInfo = HDRDisplay;
		};
		347BE88B2DDF288800067319 /* PBXContainerItemProxy */ = {
			isa = PBXContainerItemProxy;
			containerPortal = 347BE8622DDF288700067319 /* Project object */;
			proxyType = 1;
			remoteGlobalIDString = 347BE8692DDF288700067319;
			remoteInfo = HDRDisplay;
		};
/* End PBXContainerItemProxy section */

/* Begin PBXFileReference section */
		347BE86A2DDF288700067319 /* HDRDisplay.app */ = {isa = PBXFileReference; explicitFileType = wrapper.application; includeInIndex = 0; path = HDRDisplay.app; sourceTree = BUILT_PRODUCTS_DIR; };
		347BE8802DDF288800067319 /* HDRDisplayTests.xctest */ = {isa = PBXFileReference; explicitFileType = wrapper.cfbundle; includeInIndex = 0; path = HDRDisplayTests.xctest; sourceTree = BUILT_PRODUCTS_DIR; };
		347BE88A2DDF288800067319 /* HDRDisplayUITests.xctest */ = {isa = PBXFileReference; explicitFileType = wrapper.cfbundle; includeInIndex = 0; path = HDRDisplayUITests.xctest; sourceTree = BUILT_PRODUCTS_DIR; };
/* End PBXFileReference section */

/* Begin PBXFileSystemSynchronizedBuildFileExceptionSet section */
		347BE8922DDF288800067319 /* Exceptions for "HDRDisplay" folder in "HDRDisplay" target */ = {
			isa = PBXFileSystemSynchronizedBuildFileExceptionSet;
			membershipExceptions = (
				Info.plist,
			);
			target = 347BE8692DDF288700067319 /* HDRDisplay */;
		};
/* End PBXFileSystemSynchronizedBuildFileExceptionSet section */

/* Begin PBXFileSystemSynchronizedRootGroup section */
		347BE86C2DDF288700067319 /* HDRDisplay */ = {
			isa = PBXFileSystemSynchronizedRootGroup;
			exceptions = (
				347BE8922DDF288800067319 /* Exceptions for "HDRDisplay" folder in "HDRDisplay" target */,
			);
			path = HDRDisplay;
			sourceTree = "<group>";
		};
		347BE8832DDF288800067319 /* HDRDisplayTests */ = {
			isa = PBXFileSystemSynchronizedRootGroup;
			path = HDRDisplayTests;
			sourceTree = "<group>";
		};
		347BE88D2DDF288800067319 /* HDRDisplayUITests */ = {
			isa = PBXFileSystemSynchronizedRootGroup;
			path = HDRDisplayUITests;
			sourceTree = "<group>";
		};
/* End PBXFileSystemSynchronizedRootGroup section */

/* Begin PBXFrameworksBuildPhase section */
		347BE8672DDF288700067319 /* Frameworks */ = {
			isa = PBXFrameworksBuildPhase;
			buildActionMask = 2147483647;
			files = (
			);
			runOnlyForDeploymentPostprocessing = 0;
		};
		347BE87D2DDF288800067319 /* Frameworks */ = {
			isa = PBXFrameworksBuildPhase;
			buildActionMask = 2147483647;
			files = (
			);
			runOnlyForDeploymentPostprocessing = 0;
		};
		347BE8872DDF288800067319 /* Frameworks */ = {
			isa = PBXFrameworksBuildPhase;
			buildActionMask = 2147483647;
			files = (
			);
			runOnlyForDeploymentPostprocessing = 0;
		};
/* End PBXFrameworksBuildPhase section */

/* Begin PBXGroup section */
		347BE8612DDF288700067319 = {
			isa = PBXGroup;
			children = (
				347BE86C2DDF288700067319 /* HDRDisplay */,
				347BE8832DDF288800067319 /* HDRDisplayTests */,
				347BE88D2DDF288800067319 /* HDRDisplayUITests */,
				347BE86B2DDF288700067319 /* Products */,
			);
			sourceTree = "<group>";
		};
		347BE86B2DDF288700067319 /* Products */ = {
			isa = PBXGroup;
			children = (
				347BE86A2DDF288700067319 /* HDRDisplay.app */,
				347BE8802DDF288800067319 /* HDRDisplayTests.xctest */,
				347BE88A2DDF288800067319 /* HDRDisplayUITests.xctest */,
			);
			name = Products;
			sourceTree = "<group>";
		};
/* End PBXGroup section */

/* Begin PBXNativeTarget section */
		347BE8692DDF288700067319 /* HDRDisplay */ = {
			isa = PBXNativeTarget;
			buildConfigurationList = 347BE8932DDF288800067319 /* Build configuration list for PBXNativeTarget "HDRDisplay" */;
			buildPhases = (
				347BE8662DDF288700067319 /* Sources */,
				347BE8672DDF288700067319 /* Frameworks */,
				347BE8682DDF288700067319 /* Resources */,
			);
			buildRules = (
			);
			dependencies = (
			);
			fileSystemSynchronizedGroups = (
				347BE86C2DDF288700067319 /* HDRDisplay */,
			);
			name = HDRDisplay;
			packageProductDependencies = (
			);
			productName = HDRDisplay;
			productReference = 347BE86A2DDF288700067319 /* HDRDisplay.app */;
			productType = "com.apple.product-type.application";
		};
		347BE87F2DDF288800067319 /* HDRDisplayTests */ = {
			isa = PBXNativeTarget;
			buildConfigurationList = 347BE8982DDF288800067319 /* Build configuration list for PBXNativeTarget "HDRDisplayTests" */;
			buildPhases = (
				347BE87C2DDF288800067319 /* Sources */,
				347BE87D2DDF288800067319 /* Frameworks */,
				347BE87E2DDF288800067319 /* Resources */,
			);
			buildRules = (
			);
			dependencies = (
				347BE8822DDF288800067319 /* PBXTargetDependency */,
			);
			fileSystemSynchronizedGroups = (
				347BE8832DDF288800067319 /* HDRDisplayTests */,
			);
			name = HDRDisplayTests;
			packageProductDependencies = (
			);
			productName = HDRDisplayTests;
			productReference = 347BE8802DDF288800067319 /* HDRDisplayTests.xctest */;
			productType = "com.apple.product-type.bundle.unit-test";
		};
		347BE8892DDF288800067319 /* HDRDisplayUITests */ = {
			isa = PBXNativeTarget;
			buildConfigurationList = 347BE89B2DDF288800067319 /* Build configuration list for PBXNativeTarget "HDRDisplayUITests" */;
			buildPhases = (
				347BE8862DDF288800067319 /* Sources */,
				347BE8872DDF288800067319 /* Frameworks */,
				347BE8882DDF288800067319 /* Resources */,
			);
			buildRules = (
			);
			dependencies = (
				347BE88C2DDF288800067319 /* PBXTargetDependency */,
			);
			fileSystemSynchronizedGroups = (
				347BE88D2DDF288800067319 /* HDRDisplayUITests */,
			);
			name = HDRDisplayUITests;
			packageProductDependencies = (
			);
			productName = HDRDisplayUITests;
			productReference = 347BE88A2DDF288800067319 /* HDRDisplayUITests.xctest */;
			productType = "com.apple.product-type.bundle.ui-testing";
		};
/* End PBXNativeTarget section */

/* Begin PBXProject section */
		347BE8622DDF288700067319 /* Project object */ = {
			isa = PBXProject;
			attributes = {
				BuildIndependentTargetsInParallel = 1;
				LastSwiftUpdateCheck = 1630;
				LastUpgradeCheck = 1630;
				TargetAttributes = {
					347BE8692DDF288700067319 = {
						CreatedOnToolsVersion = 16.3;
					};
					347BE87F2DDF288800067319 = {
						CreatedOnToolsVersion = 16.3;
						TestTargetID = 347BE8692DDF288700067319;
					};
					347BE8892DDF288800067319 = {
						CreatedOnToolsVersion = 16.3;
						TestTargetID = 347BE8692DDF288700067319;
					};
				};
			};
			buildConfigurationList = 347BE8652DDF288700067319 /* Build configuration list for PBXProject "HDRDisplay" */;
			developmentRegion = en;
			hasScannedForEncodings = 0;
			knownRegions = (
				en,
				Base,
			);
			mainGroup = 347BE8612DDF288700067319;
			minimizedProjectReferenceProxies = 1;
			preferredProjectObjectVersion = 77;
			productRefGroup = 347BE86B2DDF288700067319 /* Products */;
			projectDirPath = "";
			projectRoot = "";
			targets = (
				347BE8692DDF288700067319 /* HDRDisplay */,
				347BE87F2DDF288800067319 /* HDRDisplayTests */,
				347BE8892DDF288800067319 /* HDRDisplayUITests */,
			);
		};
/* End PBXProject section */

/* Begin PBXResourcesBuildPhase section */
		347BE8682DDF288700067319 /* Resources */ = {
			isa = PBXResourcesBuildPhase;
			buildActionMask = 2147483647;
			files = (
			);
			runOnlyForDeploymentPostprocessing = 0;
		};
		347BE87E2DDF288800067319 /* Resources */ = {
			isa = PBXResourcesBuildPhase;
			buildActionMask = 2147483647;
			files = (
			);
			runOnlyForDeploymentPostprocessing = 0;
		};
		347BE8882DDF288800067319 /* Resources */ = {
			isa = PBXResourcesBuildPhase;
			buildActionMask = 2147483647;
			files = (
			);
			runOnlyForDeploymentPostprocessing = 0;
		};
/* End PBXResourcesBuildPhase section */

/* Begin PBXSourcesBuildPhase section */
		347BE8662DDF288700067319 /* Sources */ = {
			isa = PBXSourcesBuildPhase;
			buildActionMask = 2147483647;
			files = (
			);
			runOnlyForDeploymentPostprocessing = 0;
		};
		347BE87C2DDF288800067319 /* Sources */ = {
			isa = PBXSourcesBuildPhase;
			buildActionMask = 2147483647;
			files = (
			);
			runOnlyForDeploymentPostprocessing = 0;
		};
		347BE8862DDF288800067319 /* Sources */ = {
			isa = PBXSourcesBuildPhase;
			buildActionMask = 2147483647;
			files = (
			);
			runOnlyForDeploymentPostprocessing = 0;
		};
/* End PBXSourcesBuildPhase section */

/* Begin PBXTargetDependency section */
		347BE8822DDF288800067319 /* PBXTargetDependency */ = {
			isa = PBXTargetDependency;
			target = 347BE8692DDF288700067319 /* HDRDisplay */;
			targetProxy = 347BE8812DDF288800067319 /* PBXContainerItemProxy */;
		};
		347BE88C2DDF288800067319 /* PBXTargetDependency */ = {
			isa = PBXTargetDependency;
			target = 347BE8692DDF288700067319 /* HDRDisplay */;
			targetProxy = 347BE88B2DDF288800067319 /* PBXContainerItemProxy */;
		};
/* End PBXTargetDependency section */

/* Begin XCBuildConfiguration section */
		347BE8942DDF288800067319 /* Debug */ = {
			isa = XCBuildConfiguration;
			buildSettings = {
				ASSETCATALOG_COMPILER_APPICON_NAME = AppIcon;
				ASSETCATALOG_COMPILER_GLOBAL_ACCENT_COLOR_NAME = AccentColor;
				CODE_SIGN_STYLE = Automatic;
				CURRENT_PROJECT_VERSION = 1;
				DEVELOPMENT_TEAM = 57HWCM983X;
				GENERATE_INFOPLIST_FILE = YES;
				INFOPLIST_FILE = HDRDisplay/Info.plist;
				INFOPLIST_KEY_UIApplicationSupportsIndirectInputEvents = YES;
				INFOPLIST_KEY_UILaunchStoryboardName = LaunchScreen;
				INFOPLIST_KEY_UIMainStoryboardFile = Main;
				INFOPLIST_KEY_UISupportedInterfaceOrientations_iPad = "UIInterfaceOrientationPortrait UIInterfaceOrientationPortraitUpsideDown UIInterfaceOrientationLandscapeLeft UIInterfaceOrientationLandscapeRight";
				INFOPLIST_KEY_UISupportedInterfaceOrientations_iPhone = "UIInterfaceOrientationPortrait UIInterfaceOrientationLandscapeLeft UIInterfaceOrientationLandscapeRight";
				LD_RUNPATH_SEARCH_PATHS = (
					"$(inherited)",
					"@executable_path/Frameworks",
				);
				MARKETING_VERSION = 1.0;
				PRODUCT_BUNDLE_IDENTIFIER = jd.HDRDisplay;
				PRODUCT_NAME = "$(TARGET_NAME)";
				SWIFT_EMIT_LOC_STRINGS = YES;
				SWIFT_VERSION = 5.0;
				TARGETED_DEVICE_FAMILY = "1,2";
			};
			name = Debug;
		};
		347BE8952DDF288800067319 /* Release */ = {
			isa = XCBuildConfiguration;
			buildSettings = {
				ASSETCATALOG_COMPILER_APPICON_NAME = AppIcon;
				ASSETCATALOG_COMPILER_GLOBAL_ACCENT_COLOR_NAME = AccentColor;
				CODE_SIGN_STYLE = Automatic;
				CURRENT_PROJECT_VERSION = 1;
				DEVELOPMENT_TEAM = 57HWCM983X;
				GENERATE_INFOPLIST_FILE = YES;
				INFOPLIST_FILE = HDRDisplay/Info.plist;
				INFOPLIST_KEY_UIApplicationSupportsIndirectInputEvents = YES;
				INFOPLIST_KEY_UILaunchStoryboardName = LaunchScreen;
				INFOPLIST_KEY_UIMainStoryboardFile = Main;
				INFOPLIST_KEY_UISupportedInterfaceOrientations_iPad = "UIInterfaceOrientationPortrait UIInterfaceOrientationPortraitUpsideDown UIInterfaceOrientationLandscapeLeft UIInterfaceOrientationLandscapeRight";
				INFOPLIST_KEY_UISupportedInterfaceOrientations_iPhone = "UIInterfaceOrientationPortrait UIInterfaceOrientationLandscapeLeft UIInterfaceOrientationLandscapeRight";
				LD_RUNPATH_SEARCH_PATHS = (
					"$(inherited)",
					"@executable_path/Frameworks",
				);
				MARKETING_VERSION = 1.0;
				PRODUCT_BUNDLE_IDENTIFIER = jd.HDRDisplay;
				PRODUCT_NAME = "$(TARGET_NAME)";
				SWIFT_EMIT_LOC_STRINGS = YES;
				SWIFT_VERSION = 5.0;
				TARGETED_DEVICE_FAMILY = "1,2";
			};
			name = Release;
		};
		347BE8962DDF288800067319 /* Debug */ = {
			isa = XCBuildConfiguration;
			buildSettings = {
				ALWAYS_SEARCH_USER_PATHS = NO;
				ASSETCATALOG_COMPILER_GENERATE_SWIFT_ASSET_SYMBOL_EXTENSIONS = YES;
				CLANG_ANALYZER_NONNULL = YES;
				CLANG_ANALYZER_NUMBER_OBJECT_CONVERSION = YES_AGGRESSIVE;
				CLANG_CXX_LANGUAGE_STANDARD = "gnu++20";
				CLANG_ENABLE_MODULES = YES;
				CLANG_ENABLE_OBJC_ARC = YES;
				CLANG_ENABLE_OBJC_WEAK = YES;
				CLANG_WARN_BLOCK_CAPTURE_AUTORELEASING = YES;
				CLANG_WARN_BOOL_CONVERSION = YES;
				CLANG_WARN_COMMA = YES;
				CLANG_WARN_CONSTANT_CONVERSION = YES;
				CLANG_WARN_DEPRECATED_OBJC_IMPLEMENTATIONS = YES;
				CLANG_WARN_DIRECT_OBJC_ISA_USAGE = YES_ERROR;
				CLANG_WARN_DOCUMENTATION_COMMENTS = YES;
				CLANG_WARN_EMPTY_BODY = YES;
				CLANG_WARN_ENUM_CONVERSION = YES;
				CLANG_WARN_INFINITE_RECURSION = YES;
				CLANG_WARN_INT_CONVERSION = YES;
				CLANG_WARN_NON_LITERAL_NULL_CONVERSION = YES;
				CLANG_WARN_OBJC_IMPLICIT_RETAIN_SELF = YES;
				CLANG_WARN_OBJC_LITERAL_CONVERSION = YES;
				CLANG_WARN_OBJC_ROOT_CLASS = YES_ERROR;
				CLANG_WARN_QUOTED_INCLUDE_IN_FRAMEWORK_HEADER = YES;
				CLANG_WARN_RANGE_LOOP_ANALYSIS = YES;
				CLANG_WARN_STRICT_PROTOTYPES = YES;
				CLANG_WARN_SUSPICIOUS_MOVE = YES;
				CLANG_WARN_UNGUARDED_AVAILABILITY = YES_AGGRESSIVE;
				CLANG_WARN_UNREACHABLE_CODE = YES;
				CLANG_WARN__DUPLICATE_METHOD_MATCH = YES;
				COPY_PHASE_STRIP = NO;
				DEBUG_INFORMATION_FORMAT = dwarf;
				ENABLE_STRICT_OBJC_MSGSEND = YES;
				ENABLE_TESTABILITY = YES;
				ENABLE_USER_SCRIPT_SANDBOXING = YES;
				GCC_C_LANGUAGE_STANDARD = gnu17;
				GCC_DYNAMIC_NO_PIC = NO;
				GCC_NO_COMMON_BLOCKS = YES;
				GCC_OPTIMIZATION_LEVEL = 0;
				GCC_PREPROCESSOR_DEFINITIONS = (
					"DEBUG=1",
					"$(inherited)",
				);
				GCC_WARN_64_TO_32_BIT_CONVERSION = YES;
				GCC_WARN_ABOUT_RETURN_TYPE = YES_ERROR;
				GCC_WARN_UNDECLARED_SELECTOR = YES;
				GCC_WARN_UNINITIALIZED_AUTOS = YES_AGGRESSIVE;
				GCC_WARN_UNUSED_FUNCTION = YES;
				GCC_WARN_UNUSED_VARIABLE = YES;
				IPHONEOS_DEPLOYMENT_TARGET = 18.4;
				LOCALIZATION_PREFERS_STRING_CATALOGS = YES;
				MTL_ENABLE_DEBUG_INFO = INCLUDE_SOURCE;
				MTL_FAST_MATH = YES;
				ONLY_ACTIVE_ARCH = YES;
				SDKROOT = iphoneos;
				SWIFT_ACTIVE_COMPILATION_CONDITIONS = "DEBUG $(inherited)";
				SWIFT_OPTIMIZATION_LEVEL = "-Onone";
			};
			name = Debug;
		};
		347BE8972DDF288800067319 /* Release */ = {
			isa = XCBuildConfiguration;
			buildSettings = {
				ALWAYS_SEARCH_USER_PATHS = NO;
				ASSETCATALOG_COMPILER_GENERATE_SWIFT_ASSET_SYMBOL_EXTENSIONS = YES;
				CLANG_ANALYZER_NONNULL = YES;
				CLANG_ANALYZER_NUMBER_OBJECT_CONVERSION = YES_AGGRESSIVE;
				CLANG_CXX_LANGUAGE_STANDARD = "gnu++20";
				CLANG_ENABLE_MODULES = YES;
				CLANG_ENABLE_OBJC_ARC = YES;
				CLANG_ENABLE_OBJC_WEAK = YES;
				CLANG_WARN_BLOCK_CAPTURE_AUTORELEASING = YES;
				CLANG_WARN_BOOL_CONVERSION = YES;
				CLANG_WARN_COMMA = YES;
				CLANG_WARN_CONSTANT_CONVERSION = YES;
				CLANG_WARN_DEPRECATED_OBJC_IMPLEMENTATIONS = YES;
				CLANG_WARN_DIRECT_OBJC_ISA_USAGE = YES_ERROR;
				CLANG_WARN_DOCUMENTATION_COMMENTS = YES;
				CLANG_WARN_EMPTY_BODY = YES;
				CLANG_WARN_ENUM_CONVERSION = YES;
				CLANG_WARN_INFINITE_RECURSION = YES;
				CLANG_WARN_INT_CONVERSION = YES;
				CLANG_WARN_NON_LITERAL_NULL_CONVERSION = YES;
				CLANG_WARN_OBJC_IMPLICIT_RETAIN_SELF = YES;
				CLANG_WARN_OBJC_LITERAL_CONVERSION = YES;
				CLANG_WARN_OBJC_ROOT_CLASS = YES_ERROR;
				CLANG_WARN_QUOTED_INCLUDE_IN_FRAMEWORK_HEADER = YES;
				CLANG_WARN_RANGE_LOOP_ANALYSIS = YES;
				CLANG_WARN_STRICT_PROTOTYPES = YES;
				CLANG_WARN_SUSPICIOUS_MOVE = YES;
				CLANG_WARN_UNGUARDED_AVAILABILITY = YES_AGGRESSIVE;
				CLANG_WARN_UNREACHABLE_CODE = YES;
				CLANG_WARN__DUPLICATE_METHOD_MATCH = YES;
				COPY_PHASE_STRIP = NO;
				DEBUG_INFORMATION_FORMAT = "dwarf-with-dsym";
				ENABLE_NS_ASSERTIONS = NO;
				ENABLE_STRICT_OBJC_MSGSEND = YES;
				ENABLE_USER_SCRIPT_SANDBOXING = YES;
				GCC_C_LANGUAGE_STANDARD = gnu17;
				GCC_NO_COMMON_BLOCKS = YES;
				GCC_WARN_64_TO_32_BIT_CONVERSION = YES;
				GCC_WARN_ABOUT_RETURN_TYPE = YES_ERROR;
				GCC_WARN_UNDECLARED_SELECTOR = YES;
				GCC_WARN_UNINITIALIZED_AUTOS = YES_AGGRESSIVE;
				GCC_WARN_UNUSED_FUNCTION = YES;
				GCC_WARN_UNUSED_VARIABLE = YES;
				IPHONEOS_DEPLOYMENT_TARGET = 18.4;
				LOCALIZATION_PREFERS_STRING_CATALOGS = YES;
				MTL_ENABLE_DEBUG_INFO = NO;
				MTL_FAST_MATH = YES;
				SDKROOT = iphoneos;
				SWIFT_COMPILATION_MODE = wholemodule;
				VALIDATE_PRODUCT = YES;
			};
			name = Release;
		};
		347BE8992DDF288800067319 /* Debug */ = {
			isa = XCBuildConfiguration;
			buildSettings = {
				BUNDLE_LOADER = "$(TEST_HOST)";
				CODE_SIGN_STYLE = Automatic;
				CURRENT_PROJECT_VERSION = 1;
				GENERATE_INFOPLIST_FILE = YES;
				IPHONEOS_DEPLOYMENT_TARGET = 18.4;
				MARKETING_VERSION = 1.0;
				PRODUCT_BUNDLE_IDENTIFIER = jd.HDRDisplayTests;
				PRODUCT_NAME = "$(TARGET_NAME)";
				SWIFT_EMIT_LOC_STRINGS = NO;
				SWIFT_VERSION = 5.0;
				TARGETED_DEVICE_FAMILY = "1,2";
				TEST_HOST = "$(BUILT_PRODUCTS_DIR)/HDRDisplay.app/$(BUNDLE_EXECUTABLE_FOLDER_PATH)/HDRDisplay";
			};
			name = Debug;
		};
		347BE89A2DDF288800067319 /* Release */ = {
			isa = XCBuildConfiguration;
			buildSettings = {
				BUNDLE_LOADER = "$(TEST_HOST)";
				CODE_SIGN_STYLE = Automatic;
				CURRENT_PROJECT_VERSION = 1;
				GENERATE_INFOPLIST_FILE = YES;
				IPHONEOS_DEPLOYMENT_TARGET = 18.4;
				MARKETING_VERSION = 1.0;
				PRODUCT_BUNDLE_IDENTIFIER = jd.HDRDisplayTests;
				PRODUCT_NAME = "$(TARGET_NAME)";
				SWIFT_EMIT_LOC_STRINGS = NO;
				SWIFT_VERSION = 5.0;
				TARGETED_DEVICE_FAMILY = "1,2";
				TEST_HOST = "$(BUILT_PRODUCTS_DIR)/HDRDisplay.app/$(BUNDLE_EXECUTABLE_FOLDER_PATH)/HDRDisplay";
			};
			name = Release;
		};
		347BE89C2DDF288800067319 /* Debug */ = {
			isa = XCBuildConfiguration;
			buildSettings = {
				CODE_SIGN_STYLE = Automatic;
				CURRENT_PROJECT_VERSION = 1;
				GENERATE_INFOPLIST_FILE = YES;
				MARKETING_VERSION = 1.0;
				PRODUCT_BUNDLE_IDENTIFIER = jd.HDRDisplayUITests;
				PRODUCT_NAME = "$(TARGET_NAME)";
				SWIFT_EMIT_LOC_STRINGS = NO;
				SWIFT_VERSION = 5.0;
				TARGETED_DEVICE_FAMILY = "1,2";
				TEST_TARGET_NAME = HDRDisplay;
			};
			name = Debug;
		};
		347BE89D2DDF288800067319 /* Release */ = {
			isa = XCBuildConfiguration;
			buildSettings = {
				CODE_SIGN_STYLE = Automatic;
				CURRENT_PROJECT_VERSION = 1;
				GENERATE_INFOPLIST_FILE = YES;
				MARKETING_VERSION = 1.0;
				PRODUCT_BUNDLE_IDENTIFIER = jd.HDRDisplayUITests;
				PRODUCT_NAME = "$(TARGET_NAME)";
				SWIFT_EMIT_LOC_STRINGS = NO;
				SWIFT_VERSION = 5.0;
				TARGETED_DEVICE_FAMILY = "1,2";
				TEST_TARGET_NAME = HDRDisplay;
			};
			name = Release;
		};
/* End XCBuildConfiguration section */

/* Begin XCConfigurationList section */
		347BE8652DDF288700067319 /* Build configuration list for PBXProject "HDRDisplay" */ = {
			isa = XCConfigurationList;
			buildConfigurations = (
				347BE8962DDF288800067319 /* Debug */,
				347BE8972DDF288800067319 /* Release */,
			);
			defaultConfigurationIsVisible = 0;
			defaultConfigurationName = Release;
		};
		347BE8932DDF288800067319 /* Build configuration list for PBXNativeTarget "HDRDisplay" */ = {
			isa = XCConfigurationList;
			buildConfigurations = (
				347BE8942DDF288800067319 /* Debug */,
				347BE8952DDF288800067319 /* Release */,
			);
			defaultConfigurationIsVisible = 0;
			defaultConfigurationName = Release;
		};
		347BE8982DDF288800067319 /* Build configuration list for PBXNativeTarget "HDRDisplayTests" */ = {
			isa = XCConfigurationList;
			buildConfigurations = (
				347BE8992DDF288800067319 /* Debug */,
				347BE89A2DDF288800067319 /* Release */,
			);
			defaultConfigurationIsVisible = 0;
			defaultConfigurationName = Release;
		};
		347BE89B2DDF288800067319 /* Build configuration list for PBXNativeTarget "HDRDisplayUITests" */ = {
			isa = XCConfigurationList;
			buildConfigurations = (
				347BE89C2DDF288800067319 /* Debug */,
				347BE89D2DDF288800067319 /* Release */,
			);
			defaultConfigurationIsVisible = 0;
			defaultConfigurationName = Release;
		};
/* End XCConfigurationList section */
	};
	rootObject = 347BE8622DDF288700067319 /* Project object */;
}
